
Microsoft Visual Studio Solution File, Format Version 12.00
# Visual Studio 15
VisualStudioVersion = 15.0.28307.1267
MinimumVisualStudioVersion = 10.0.40219.1
Project("{FAE04EC0-301F-11D3-BF4B-00C04F79EFBC}") = "Lab07", "Lab07\Lab07.csproj", "{D977FFF2-6A74-4A20-B2AB-9587C3473A7F}"
EndProject
Global
	GlobalSection(SolutionConfigurationPlatforms) = preSolution
		Debug|Any CPU = Debug|Any CPU
		Release|Any CPU = Release|Any CPU
	EndGlobalSection
	GlobalSection(ProjectConfigurationPlatforms) = postSolution
		{D977FFF2-6A74-4A20-B2AB-9587C3473A7F}.Debug|Any CPU.ActiveCfg = Debug|Any CPU
		{D977FFF2-6A74-4A20-B2AB-9587C3473A7F}.Debug|Any CPU.Build.0 = Debug|Any CPU
		{D977FFF2-6A74-4A20-B2AB-9587C3473A7F}.Release|Any CPU.ActiveCfg = Release|Any CPU
		{D977FFF2-6A74-4A20-B2AB-9587C3473A7F}.Release|Any CPU.Build.0 = Release|Any CPU
	EndGlobalSection
	GlobalSection(SolutionProperties) = preSolution
		HideSolutionNode = FALSE
	EndGlobalSection
	GlobalSection(ExtensibilityGlobals) = postSolution
		SolutionGuid = {5DCBB933-44CE-44C8-AFFE-4B0A5F070C52}
	EndGlobalSection
EndGlobal
